
Microsoft Visual Studio Solution File, Format Version 12.00
# Visual Studio 15
VisualStudioVersion = 15.0.28307.852
MinimumVisualStudioVersion = 10.0.40219.1
Project("{FAE04EC0-301F-11D3-BF4B-00C04F79EFBC}") = "Capstone_UI", "Capstone_UI\Capstone_UI.csproj", "{103D43DF-543E-43A7-BDED-466A01D5FD84}"
EndProject
Global
	GlobalSection(SolutionConfigurationPlatforms) = preSolution
		Debug|Any CPU = Debug|Any CPU
		Release|Any CPU = Release|Any CPU
	EndGlobalSection
	GlobalSection(ProjectConfigurationPlatforms) = postSolution
		{103D43DF-543E-43A7-BDED-466A01D5FD84}.Debug|Any CPU.ActiveCfg = Debug|Any CPU
		{103D43DF-543E-43A7-BDED-466A01D5FD84}.Debug|Any CPU.Build.0 = Debug|Any CPU
		{103D43DF-543E-43A7-BDED-466A01D5FD84}.Release|Any CPU.ActiveCfg = Release|Any CPU
		{103D43DF-543E-43A7-BDED-466A01D5FD84}.Release|Any CPU.Build.0 = Release|Any CPU
	EndGlobalSection
	GlobalSection(SolutionProperties) = preSolution
		HideSolutionNode = FALSE
	EndGlobalSection
	GlobalSection(ExtensibilityGlobals) = postSolution
		SolutionGuid = {EDA6BE33-2B1D-41B5-ABB9-FAF95D37DAEE}
	EndGlobalSection
EndGlobal
